
Microsoft Visual Studio Solution File, Format Version 12.00
# Visual Studio Version 17
VisualStudioVersion = 17.7.34024.191
MinimumVisualStudioVersion = 10.0.40219.1
Project("{FAE04EC0-301F-11D3-BF4B-00C04F79EFBC}") = "MvcProje", "MvcProje.csproj", "{61A69E82-4EF3-4905-9186-3678515AA08B}"
EndProject
Project("{FAE04EC0-301F-11D3-BF4B-00C04F79EFBC}") = "EntityLayer", "..\EntityLayer\EntityLayer.csproj", "{F69062E1-927F-4B09-9746-05329414B549}"
EndProject
Project("{FAE04EC0-301F-11D3-BF4B-00C04F79EFBC}") = "DataAccessLayer", "..\DataAccessLayer\DataAccessLayer.csproj", "{181C4C3E-76AE-43E6-A5DD-B4FE68377DFB}"
EndProject
Project("{FAE04EC0-301F-11D3-BF4B-00C04F79EFBC}") = "BusinessLayer", "..\BusinessLayer\BusinessLayer.csproj", "{1D1EB150-DC94-4ADA-9558-02A9B258D8B0}"
EndProject
Global
	GlobalSection(SolutionConfigurationPlatforms) = preSolution
		Debug|Any CPU = Debug|Any CPU
		Release|Any CPU = Release|Any CPU
	EndGlobalSection
	GlobalSection(ProjectConfigurationPlatforms) = postSolution
		{61A69E82-4EF3-4905-9186-3678515AA08B}.Debug|Any CPU.ActiveCfg = Debug|Any CPU
		{61A69E82-4EF3-4905-9186-3678515AA08B}.Debug|Any CPU.Build.0 = Debug|Any CPU
		{61A69E82-4EF3-4905-9186-3678515AA08B}.Release|Any CPU.ActiveCfg = Release|Any CPU
		{61A69E82-4EF3-4905-9186-3678515AA08B}.Release|Any CPU.Build.0 = Release|Any CPU
		{F69062E1-927F-4B09-9746-05329414B549}.Debug|Any CPU.ActiveCfg = Debug|Any CPU
		{F69062E1-927F-4B09-9746-05329414B549}.Debug|Any CPU.Build.0 = Debug|Any CPU
		{F69062E1-927F-4B09-9746-05329414B549}.Release|Any CPU.ActiveCfg = Release|Any CPU
		{F69062E1-927F-4B09-9746-05329414B549}.Release|Any CPU.Build.0 = Release|Any CPU
		{181C4C3E-76AE-43E6-A5DD-B4FE68377DFB}.Debug|Any CPU.ActiveCfg = Debug|Any CPU
		{181C4C3E-76AE-43E6-A5DD-B4FE68377DFB}.Debug|Any CPU.Build.0 = Debug|Any CPU
		{181C4C3E-76AE-43E6-A5DD-B4FE68377DFB}.Release|Any CPU.ActiveCfg = Release|Any CPU
		{181C4C3E-76AE-43E6-A5DD-B4FE68377DFB}.Release|Any CPU.Build.0 = Release|Any CPU
		{1D1EB150-DC94-4ADA-9558-02A9B258D8B0}.Debug|Any CPU.ActiveCfg = Debug|Any CPU
		{1D1EB150-DC94-4ADA-9558-02A9B258D8B0}.Debug|Any CPU.Build.0 = Debug|Any CPU
		{1D1EB150-DC94-4ADA-9558-02A9B258D8B0}.Release|Any CPU.ActiveCfg = Release|Any CPU
		{1D1EB150-DC94-4ADA-9558-02A9B258D8B0}.Release|Any CPU.Build.0 = Release|Any CPU
	EndGlobalSection
	GlobalSection(SolutionProperties) = preSolution
		HideSolutionNode = FALSE
	EndGlobalSection
	GlobalSection(ExtensibilityGlobals) = postSolution
		SolutionGuid = {4836F482-CEE9-4AC6-8F93-B4BA29ED0E97}
	EndGlobalSection
EndGlobal
